
Microsoft Visual Studio Solution File, Format Version 12.00
# Visual Studio Version 17
VisualStudioVersion = 17.9.34728.123
MinimumVisualStudioVersion = 10.0.40219.1
Project("{FAE04EC0-301F-11D3-BF4B-00C04F79EFBC}") = "api-car.enviet-group.com", "api-car.enviet-group.com\api-car.enviet-group.com.csproj", "{37BCF297-40DC-46BB-B831-F67260B3665E}"
EndProject
Project("{9A19103F-16F7-4668-BE54-9A1E7A4F7556}") = "EV.DataAccess", "EV.DataAccess\EV.DataAccess.csproj", "{5699DD6C-4EAB-494C-ADF2-A9D161FA6C6B}"
EndProject
Project("{9A19103F-16F7-4668-BE54-9A1E7A4F7556}") = "EV.Model", "EV.Model\EV.Model.csproj", "{F8CC36C9-1AFE-445F-A756-6EB187E2BB39}"
EndProject
Project("{9A19103F-16F7-4668-BE54-9A1E7A4F7556}") = "EV.Utility", "EV.Utility\EV.Utility.csproj", "{99797185-3974-436F-A27E-F688C5708F6B}"
EndProject
Global
	GlobalSection(SolutionConfigurationPlatforms) = preSolution
		Debug|Any CPU = Debug|Any CPU
		Release|Any CPU = Release|Any CPU
	EndGlobalSection
	GlobalSection(ProjectConfigurationPlatforms) = postSolution
		{37BCF297-40DC-46BB-B831-F67260B3665E}.Debug|Any CPU.ActiveCfg = Debug|Any CPU
		{37BCF297-40DC-46BB-B831-F67260B3665E}.Debug|Any CPU.Build.0 = Debug|Any CPU
		{37BCF297-40DC-46BB-B831-F67260B3665E}.Release|Any CPU.ActiveCfg = Release|Any CPU
		{37BCF297-40DC-46BB-B831-F67260B3665E}.Release|Any CPU.Build.0 = Release|Any CPU
		{5699DD6C-4EAB-494C-ADF2-A9D161FA6C6B}.Debug|Any CPU.ActiveCfg = Debug|Any CPU
		{5699DD6C-4EAB-494C-ADF2-A9D161FA6C6B}.Debug|Any CPU.Build.0 = Debug|Any CPU
		{5699DD6C-4EAB-494C-ADF2-A9D161FA6C6B}.Release|Any CPU.ActiveCfg = Release|Any CPU
		{5699DD6C-4EAB-494C-ADF2-A9D161FA6C6B}.Release|Any CPU.Build.0 = Release|Any CPU
		{F8CC36C9-1AFE-445F-A756-6EB187E2BB39}.Debug|Any CPU.ActiveCfg = Debug|Any CPU
		{F8CC36C9-1AFE-445F-A756-6EB187E2BB39}.Debug|Any CPU.Build.0 = Debug|Any CPU
		{F8CC36C9-1AFE-445F-A756-6EB187E2BB39}.Release|Any CPU.ActiveCfg = Release|Any CPU
		{F8CC36C9-1AFE-445F-A756-6EB187E2BB39}.Release|Any CPU.Build.0 = Release|Any CPU
		{99797185-3974-436F-A27E-F688C5708F6B}.Debug|Any CPU.ActiveCfg = Debug|Any CPU
		{99797185-3974-436F-A27E-F688C5708F6B}.Debug|Any CPU.Build.0 = Debug|Any CPU
		{99797185-3974-436F-A27E-F688C5708F6B}.Release|Any CPU.ActiveCfg = Release|Any CPU
		{99797185-3974-436F-A27E-F688C5708F6B}.Release|Any CPU.Build.0 = Release|Any CPU
	EndGlobalSection
	GlobalSection(SolutionProperties) = preSolution
		HideSolutionNode = FALSE
	EndGlobalSection
	GlobalSection(ExtensibilityGlobals) = postSolution
		SolutionGuid = {DF1A6852-6243-4C87-8E00-4BF8F5284F28}
	EndGlobalSection
EndGlobal
